
Microsoft Visual Studio Solution File, Format Version 12.00
# Visual Studio Version 17
VisualStudioVersion = 17.9.34728.123
MinimumVisualStudioVersion = 10.0.40219.1
Project("{FAE04EC0-301F-11D3-BF4B-00C04F79EFBC}") = "lab 10", "lab 10\lab 10.csproj", "{383F8310-EB6E-40CE-8264-81050CFAD300}"
EndProject
Global
	GlobalSection(SolutionConfigurationPlatforms) = preSolution
		Debug|Any CPU = Debug|Any CPU
		Release|Any CPU = Release|Any CPU
	EndGlobalSection
	GlobalSection(ProjectConfigurationPlatforms) = postSolution
		{383F8310-EB6E-40CE-8264-81050CFAD300}.Debug|Any CPU.ActiveCfg = Debug|Any CPU
		{383F8310-EB6E-40CE-8264-81050CFAD300}.Debug|Any CPU.Build.0 = Debug|Any CPU
		{383F8310-EB6E-40CE-8264-81050CFAD300}.Release|Any CPU.ActiveCfg = Release|Any CPU
		{383F8310-EB6E-40CE-8264-81050CFAD300}.Release|Any CPU.Build.0 = Release|Any CPU
	EndGlobalSection
	GlobalSection(SolutionProperties) = preSolution
		HideSolutionNode = FALSE
	EndGlobalSection
	GlobalSection(ExtensibilityGlobals) = postSolution
		SolutionGuid = {4B5CDA02-34E8-4E3E-AF59-E1313B8ECEA1}
	EndGlobalSection
EndGlobal
